
Microsoft Visual Studio Solution File, Format Version 12.00
# Visual Studio Version 17
VisualStudioVersion = 17.7.34024.191
MinimumVisualStudioVersion = 10.0.40219.1
Project("{9A19103F-16F7-4668-BE54-9A1E7A4F7556}") = "ExtractOfficialAssets", "ExtractOfficialAssets\ExtractOfficialAssets.csproj", "{1A921C1D-952A-4141-A827-5D442FB7C076}"
EndProject
Project("{9A19103F-16F7-4668-BE54-9A1E7A4F7556}") = "AssetsUpdate", "AssetsUpdate\AssetsUpdate.csproj", "{3753DB5A-6B77-4095-8807-8FE1CF795CCE}"
EndProject
Project("{8BC9CEB8-8B4A-11D0-8D11-00A0C91BC942}") = "LuaJitDecode", "LuaJitDecode\LuaJitDecode.vcxproj", "{46A128FB-5CA1-4F82-82A6-25F808CE85D8}"
EndProject
Global
	GlobalSection(SolutionConfigurationPlatforms) = preSolution
		Debug|Any CPU = Debug|Any CPU
		Debug|x64 = Debug|x64
		Debug|x86 = Debug|x86
		Release|Any CPU = Release|Any CPU
		Release|x64 = Release|x64
		Release|x86 = Release|x86
	EndGlobalSection
	GlobalSection(ProjectConfigurationPlatforms) = postSolution
		{1A921C1D-952A-4141-A827-5D442FB7C076}.Debug|Any CPU.ActiveCfg = Debug|Any CPU
		{1A921C1D-952A-4141-A827-5D442FB7C076}.Debug|Any CPU.Build.0 = Debug|Any CPU
		{1A921C1D-952A-4141-A827-5D442FB7C076}.Debug|x64.ActiveCfg = Debug|Any CPU
		{1A921C1D-952A-4141-A827-5D442FB7C076}.Debug|x64.Build.0 = Debug|Any CPU
		{1A921C1D-952A-4141-A827-5D442FB7C076}.Debug|x86.ActiveCfg = Debug|Any CPU
		{1A921C1D-952A-4141-A827-5D442FB7C076}.Debug|x86.Build.0 = Debug|Any CPU
		{1A921C1D-952A-4141-A827-5D442FB7C076}.Release|Any CPU.ActiveCfg = Release|Any CPU
		{1A921C1D-952A-4141-A827-5D442FB7C076}.Release|Any CPU.Build.0 = Release|Any CPU
		{1A921C1D-952A-4141-A827-5D442FB7C076}.Release|x64.ActiveCfg = Release|Any CPU
		{1A921C1D-952A-4141-A827-5D442FB7C076}.Release|x64.Build.0 = Release|Any CPU
		{1A921C1D-952A-4141-A827-5D442FB7C076}.Release|x86.ActiveCfg = Release|Any CPU
		{1A921C1D-952A-4141-A827-5D442FB7C076}.Release|x86.Build.0 = Release|Any CPU
		{3753DB5A-6B77-4095-8807-8FE1CF795CCE}.Debug|Any CPU.ActiveCfg = Debug|Any CPU
		{3753DB5A-6B77-4095-8807-8FE1CF795CCE}.Debug|Any CPU.Build.0 = Debug|Any CPU
		{3753DB5A-6B77-4095-8807-8FE1CF795CCE}.Debug|x64.ActiveCfg = Debug|Any CPU
		{3753DB5A-6B77-4095-8807-8FE1CF795CCE}.Debug|x64.Build.0 = Debug|Any CPU
		{3753DB5A-6B77-4095-8807-8FE1CF795CCE}.Debug|x86.ActiveCfg = Debug|Any CPU
		{3753DB5A-6B77-4095-8807-8FE1CF795CCE}.Debug|x86.Build.0 = Debug|Any CPU
		{3753DB5A-6B77-4095-8807-8FE1CF795CCE}.Release|Any CPU.ActiveCfg = Release|Any CPU
		{3753DB5A-6B77-4095-8807-8FE1CF795CCE}.Release|Any CPU.Build.0 = Release|Any CPU
		{3753DB5A-6B77-4095-8807-8FE1CF795CCE}.Release|x64.ActiveCfg = Release|Any CPU
		{3753DB5A-6B77-4095-8807-8FE1CF795CCE}.Release|x64.Build.0 = Release|Any CPU
		{3753DB5A-6B77-4095-8807-8FE1CF795CCE}.Release|x86.ActiveCfg = Release|Any CPU
		{3753DB5A-6B77-4095-8807-8FE1CF795CCE}.Release|x86.Build.0 = Release|Any CPU
		{46A128FB-5CA1-4F82-82A6-25F808CE85D8}.Debug|Any CPU.ActiveCfg = Debug|x64
		{46A128FB-5CA1-4F82-82A6-25F808CE85D8}.Debug|Any CPU.Build.0 = Debug|x64
		{46A128FB-5CA1-4F82-82A6-25F808CE85D8}.Debug|x64.ActiveCfg = Debug|x64
		{46A128FB-5CA1-4F82-82A6-25F808CE85D8}.Debug|x64.Build.0 = Debug|x64
		{46A128FB-5CA1-4F82-82A6-25F808CE85D8}.Debug|x86.ActiveCfg = Debug|Win32
		{46A128FB-5CA1-4F82-82A6-25F808CE85D8}.Debug|x86.Build.0 = Debug|Win32
		{46A128FB-5CA1-4F82-82A6-25F808CE85D8}.Release|Any CPU.ActiveCfg = Release|x64
		{46A128FB-5CA1-4F82-82A6-25F808CE85D8}.Release|Any CPU.Build.0 = Release|x64
		{46A128FB-5CA1-4F82-82A6-25F808CE85D8}.Release|x64.ActiveCfg = Release|x64
		{46A128FB-5CA1-4F82-82A6-25F808CE85D8}.Release|x64.Build.0 = Release|x64
		{46A128FB-5CA1-4F82-82A6-25F808CE85D8}.Release|x86.ActiveCfg = Release|Win32
		{46A128FB-5CA1-4F82-82A6-25F808CE85D8}.Release|x86.Build.0 = Release|Win32
	EndGlobalSection
	GlobalSection(SolutionProperties) = preSolution
		HideSolutionNode = FALSE
	EndGlobalSection
	GlobalSection(ExtensibilityGlobals) = postSolution
		SolutionGuid = {0B6CCF0A-E32E-492F-9A81-983834199DF1}
	EndGlobalSection
EndGlobal
