
Microsoft Visual Studio Solution File, Format Version 12.00
# Visual Studio Version 17
VisualStudioVersion = 17.7.34024.191
MinimumVisualStudioVersion = 10.0.40219.1
Project("{9A19103F-16F7-4668-BE54-9A1E7A4F7556}") = "ExtractOfficialAssets", "ExtractOfficialAssets\ExtractOfficialAssets.csproj", "{1A921C1D-952A-4141-A827-5D442FB7C076}"
EndProject
Project("{9A19103F-16F7-4668-BE54-9A1E7A4F7556}") = "AssetsUpdate", "AssetsUpdate\AssetsUpdate.csproj", "{3753DB5A-6B77-4095-8807-8FE1CF795CCE}"
EndProject
Project("{8BC9CEB8-8B4A-11D0-8D11-00A0C91BC942}") = "LuaJitDecode", "LuaJitDecode\LuaJitDecode.vcxproj", "{46A128FB-5CA1-4F82-82A6-25F808CE85D8}"
EndProject
Project("{9A19103F-16F7-4668-BE54-9A1E7A4F7556}") = "IDASupport", "IDASupport\IDASupport.csproj", "{DBCA211A-C587-4709-8395-146183ECF6B0}"
EndProject
Project("{2150E333-8FDC-42A3-9474-1A3956D46DE8}") = "AssetRipper", "AssetRipper", "{A88BFA4D-EF70-439D-8D1B-0A4A8079D87E}"
EndProject
Project("{9A19103F-16F7-4668-BE54-9A1E7A4F7556}") = "AssetRipper.Addressables", "AssetRipper\Source\AssetRipper.Addressables\AssetRipper.Addressables.csproj", "{3EE19389-9273-4452-B66F-05B12902404B}"
EndProject
Project("{9A19103F-16F7-4668-BE54-9A1E7A4F7556}") = "AssetRipper.Assets", "AssetRipper\Source\AssetRipper.Assets\AssetRipper.Assets.csproj", "{3309DF91-F066-48CB-A6AE-7191E0313840}"
EndProject
Project("{9A19103F-16F7-4668-BE54-9A1E7A4F7556}") = "AssetRipper.Checksum", "AssetRipper\Source\AssetRipper.Checksum\AssetRipper.Checksum.csproj", "{1391AC47-C842-4C49-8614-16820DAC635A}"
EndProject
Project("{9A19103F-16F7-4668-BE54-9A1E7A4F7556}") = "AssetRipper.Decompilation.CSharp", "AssetRipper\Source\AssetRipper.Decompilation.CSharp\AssetRipper.Decompilation.CSharp.csproj", "{C9D5F8C6-FACD-4AE1-96B8-4F5761C93FA9}"
EndProject
Project("{9A19103F-16F7-4668-BE54-9A1E7A4F7556}") = "AssetRipper.Export", "AssetRipper\Source\AssetRipper.Export\AssetRipper.Export.csproj", "{86E3BE07-6209-4116-9F5D-94D3E7C7DFF1}"
EndProject
Project("{9A19103F-16F7-4668-BE54-9A1E7A4F7556}") = "AssetRipper.Export.Modules.Audio", "AssetRipper\Source\AssetRipper.Export.Modules.Audio\AssetRipper.Export.Modules.Audio.csproj", "{20E9694C-0DC8-481C-8425-A37C10AC126C}"
EndProject
Project("{9A19103F-16F7-4668-BE54-9A1E7A4F7556}") = "AssetRipper.Export.Modules.Shaders", "AssetRipper\Source\AssetRipper.Export.Modules.Shader\AssetRipper.Export.Modules.Shaders.csproj", "{3C80C91D-B243-4C4F-8F70-A15879FB7A5C}"
EndProject
Project("{9A19103F-16F7-4668-BE54-9A1E7A4F7556}") = "AssetRipper.Export.Modules.Textures", "AssetRipper\Source\AssetRipper.Export.Modules.Textures\AssetRipper.Export.Modules.Textures.csproj", "{6104A86F-DED0-4D91-B658-1AC8DD1A269B}"
EndProject
Project("{9A19103F-16F7-4668-BE54-9A1E7A4F7556}") = "AssetRipper.Export.PrimaryContent", "AssetRipper\Source\AssetRipper.Export.PrimaryContent\AssetRipper.Export.PrimaryContent.csproj", "{2F0E942F-B7C3-45FC-B959-388BE7DC8414}"
EndProject
Project("{9A19103F-16F7-4668-BE54-9A1E7A4F7556}") = "AssetRipper.Export.UnityProjects", "AssetRipper\Source\AssetRipper.Export.UnityProjects\AssetRipper.Export.UnityProjects.csproj", "{A0CD4F3A-DE59-469D-AA42-7C50AAD50DFF}"
EndProject
Project("{9A19103F-16F7-4668-BE54-9A1E7A4F7556}") = "UnityEngine", "AssetRipper\Source\UnityEngine\UnityEngine.csproj", "{36EC3820-3F0E-4F46-B831-AF04C62F0520}"
EndProject
Project("{9A19103F-16F7-4668-BE54-9A1E7A4F7556}") = "AssetRipper.Yaml", "AssetRipper\Source\AssetRipper.Yaml\AssetRipper.Yaml.csproj", "{A23D93AD-249E-433E-9F7F-0003C614C58E}"
EndProject
Project("{9A19103F-16F7-4668-BE54-9A1E7A4F7556}") = "AssetRipper.IO.Files", "AssetRipper\Source\AssetRipper.IO.Files\AssetRipper.IO.Files.csproj", "{17D560D7-A6B5-4673-B8B2-D7812CD54BD5}"
EndProject
Project("{9A19103F-16F7-4668-BE54-9A1E7A4F7556}") = "SpirV", "AssetRipper\Source\SpirV\SpirV.csproj", "{0D526BB1-ABDB-41C0-B55A-30E0AC279289}"
EndProject
Project("{9A19103F-16F7-4668-BE54-9A1E7A4F7556}") = "Smolv", "AssetRipper\Source\Smolv\Smolv.csproj", "{6462AB37-8F62-4A5A-91D0-4F2A0E8FC323}"
EndProject
Project("{9A19103F-16F7-4668-BE54-9A1E7A4F7556}") = "AssetRipper.Import", "AssetRipper\Source\AssetRipper.Import\AssetRipper.Import.csproj", "{C5DE3C69-C7A6-4A94-9605-C0AB146AD696}"
EndProject
Project("{9A19103F-16F7-4668-BE54-9A1E7A4F7556}") = "AssetRipper.Processing", "AssetRipper\Source\AssetRipper.Processing\AssetRipper.Processing.csproj", "{7BB74DBB-E6CD-4F8F-BFAE-62E2D6B5A6DB}"
EndProject
Project("{9A19103F-16F7-4668-BE54-9A1E7A4F7556}") = "AssetRipper.SerializationLogic", "AssetRipper\Source\AssetRipper.SerializationLogic\AssetRipper.SerializationLogic.csproj", "{B6F51FB4-7FD3-437A-910B-770EF6FF2E49}"
EndProject
Project("{9A19103F-16F7-4668-BE54-9A1E7A4F7556}") = "AssetRipper.IO.Endian", "AssetRipper\Source\AssetRipper.IO.Endian\AssetRipper.IO.Endian.csproj", "{36F0C5C1-2AE4-4435-A802-8F0E108493AD}"
EndProject
Project("{9A19103F-16F7-4668-BE54-9A1E7A4F7556}") = "AssetRipper.Numerics", "AssetRipper\Source\AssetRipper.Numerics\AssetRipper.Numerics.csproj", "{AE96DA23-3275-49B6-B740-27EDC56A59AF}"
EndProject
Project("{9A19103F-16F7-4668-BE54-9A1E7A4F7556}") = "AssetRipper.SourceGenerated.Extensions", "AssetRipper\Source\AssetRipper.SourceGenerated.Extensions\AssetRipper.SourceGenerated.Extensions.csproj", "{3509C60C-5A5E-4249-A070-0D32AEC25D8C}"
EndProject
Global
	GlobalSection(SolutionConfigurationPlatforms) = preSolution
		Debug|Any CPU = Debug|Any CPU
		Debug|x64 = Debug|x64
		Debug|x86 = Debug|x86
		Release|Any CPU = Release|Any CPU
		Release|x64 = Release|x64
		Release|x86 = Release|x86
	EndGlobalSection
	GlobalSection(ProjectConfigurationPlatforms) = postSolution
		{1A921C1D-952A-4141-A827-5D442FB7C076}.Debug|Any CPU.ActiveCfg = Debug|Any CPU
		{1A921C1D-952A-4141-A827-5D442FB7C076}.Debug|Any CPU.Build.0 = Debug|Any CPU
		{1A921C1D-952A-4141-A827-5D442FB7C076}.Debug|x64.ActiveCfg = Debug|Any CPU
		{1A921C1D-952A-4141-A827-5D442FB7C076}.Debug|x64.Build.0 = Debug|Any CPU
		{1A921C1D-952A-4141-A827-5D442FB7C076}.Debug|x86.ActiveCfg = Debug|Any CPU
		{1A921C1D-952A-4141-A827-5D442FB7C076}.Debug|x86.Build.0 = Debug|Any CPU
		{1A921C1D-952A-4141-A827-5D442FB7C076}.Release|Any CPU.ActiveCfg = Release|Any CPU
		{1A921C1D-952A-4141-A827-5D442FB7C076}.Release|Any CPU.Build.0 = Release|Any CPU
		{1A921C1D-952A-4141-A827-5D442FB7C076}.Release|x64.ActiveCfg = Release|Any CPU
		{1A921C1D-952A-4141-A827-5D442FB7C076}.Release|x64.Build.0 = Release|Any CPU
		{1A921C1D-952A-4141-A827-5D442FB7C076}.Release|x86.ActiveCfg = Release|Any CPU
		{1A921C1D-952A-4141-A827-5D442FB7C076}.Release|x86.Build.0 = Release|Any CPU
		{3753DB5A-6B77-4095-8807-8FE1CF795CCE}.Debug|Any CPU.ActiveCfg = Debug|Any CPU
		{3753DB5A-6B77-4095-8807-8FE1CF795CCE}.Debug|Any CPU.Build.0 = Debug|Any CPU
		{3753DB5A-6B77-4095-8807-8FE1CF795CCE}.Debug|x64.ActiveCfg = Debug|Any CPU
		{3753DB5A-6B77-4095-8807-8FE1CF795CCE}.Debug|x64.Build.0 = Debug|Any CPU
		{3753DB5A-6B77-4095-8807-8FE1CF795CCE}.Debug|x86.ActiveCfg = Debug|Any CPU
		{3753DB5A-6B77-4095-8807-8FE1CF795CCE}.Debug|x86.Build.0 = Debug|Any CPU
		{3753DB5A-6B77-4095-8807-8FE1CF795CCE}.Release|Any CPU.ActiveCfg = Release|Any CPU
		{3753DB5A-6B77-4095-8807-8FE1CF795CCE}.Release|Any CPU.Build.0 = Release|Any CPU
		{3753DB5A-6B77-4095-8807-8FE1CF795CCE}.Release|x64.ActiveCfg = Release|Any CPU
		{3753DB5A-6B77-4095-8807-8FE1CF795CCE}.Release|x64.Build.0 = Release|Any CPU
		{3753DB5A-6B77-4095-8807-8FE1CF795CCE}.Release|x86.ActiveCfg = Release|Any CPU
		{3753DB5A-6B77-4095-8807-8FE1CF795CCE}.Release|x86.Build.0 = Release|Any CPU
		{46A128FB-5CA1-4F82-82A6-25F808CE85D8}.Debug|Any CPU.ActiveCfg = Debug|x64
		{46A128FB-5CA1-4F82-82A6-25F808CE85D8}.Debug|Any CPU.Build.0 = Debug|x64
		{46A128FB-5CA1-4F82-82A6-25F808CE85D8}.Debug|x64.ActiveCfg = Debug|x64
		{46A128FB-5CA1-4F82-82A6-25F808CE85D8}.Debug|x64.Build.0 = Debug|x64
		{46A128FB-5CA1-4F82-82A6-25F808CE85D8}.Debug|x86.ActiveCfg = Debug|Win32
		{46A128FB-5CA1-4F82-82A6-25F808CE85D8}.Debug|x86.Build.0 = Debug|Win32
		{46A128FB-5CA1-4F82-82A6-25F808CE85D8}.Release|Any CPU.ActiveCfg = Release|x64
		{46A128FB-5CA1-4F82-82A6-25F808CE85D8}.Release|Any CPU.Build.0 = Release|x64
		{46A128FB-5CA1-4F82-82A6-25F808CE85D8}.Release|x64.ActiveCfg = Release|x64
		{46A128FB-5CA1-4F82-82A6-25F808CE85D8}.Release|x64.Build.0 = Release|x64
		{46A128FB-5CA1-4F82-82A6-25F808CE85D8}.Release|x86.ActiveCfg = Release|Win32
		{46A128FB-5CA1-4F82-82A6-25F808CE85D8}.Release|x86.Build.0 = Release|Win32
		{DBCA211A-C587-4709-8395-146183ECF6B0}.Debug|Any CPU.ActiveCfg = Debug|Any CPU
		{DBCA211A-C587-4709-8395-146183ECF6B0}.Debug|Any CPU.Build.0 = Debug|Any CPU
		{DBCA211A-C587-4709-8395-146183ECF6B0}.Debug|x64.ActiveCfg = Debug|Any CPU
		{DBCA211A-C587-4709-8395-146183ECF6B0}.Debug|x64.Build.0 = Debug|Any CPU
		{DBCA211A-C587-4709-8395-146183ECF6B0}.Debug|x86.ActiveCfg = Debug|Any CPU
		{DBCA211A-C587-4709-8395-146183ECF6B0}.Debug|x86.Build.0 = Debug|Any CPU
		{DBCA211A-C587-4709-8395-146183ECF6B0}.Release|Any CPU.ActiveCfg = Release|Any CPU
		{DBCA211A-C587-4709-8395-146183ECF6B0}.Release|Any CPU.Build.0 = Release|Any CPU
		{DBCA211A-C587-4709-8395-146183ECF6B0}.Release|x64.ActiveCfg = Release|Any CPU
		{DBCA211A-C587-4709-8395-146183ECF6B0}.Release|x64.Build.0 = Release|Any CPU
		{DBCA211A-C587-4709-8395-146183ECF6B0}.Release|x86.ActiveCfg = Release|Any CPU
		{DBCA211A-C587-4709-8395-146183ECF6B0}.Release|x86.Build.0 = Release|Any CPU
		{3EE19389-9273-4452-B66F-05B12902404B}.Debug|Any CPU.ActiveCfg = Debug|Any CPU
		{3EE19389-9273-4452-B66F-05B12902404B}.Debug|Any CPU.Build.0 = Debug|Any CPU
		{3EE19389-9273-4452-B66F-05B12902404B}.Debug|x64.ActiveCfg = Debug|Any CPU
		{3EE19389-9273-4452-B66F-05B12902404B}.Debug|x64.Build.0 = Debug|Any CPU
		{3EE19389-9273-4452-B66F-05B12902404B}.Debug|x86.ActiveCfg = Debug|Any CPU
		{3EE19389-9273-4452-B66F-05B12902404B}.Debug|x86.Build.0 = Debug|Any CPU
		{3EE19389-9273-4452-B66F-05B12902404B}.Release|Any CPU.ActiveCfg = Release|Any CPU
		{3EE19389-9273-4452-B66F-05B12902404B}.Release|Any CPU.Build.0 = Release|Any CPU
		{3EE19389-9273-4452-B66F-05B12902404B}.Release|x64.ActiveCfg = Release|Any CPU
		{3EE19389-9273-4452-B66F-05B12902404B}.Release|x64.Build.0 = Release|Any CPU
		{3EE19389-9273-4452-B66F-05B12902404B}.Release|x86.ActiveCfg = Release|Any CPU
		{3EE19389-9273-4452-B66F-05B12902404B}.Release|x86.Build.0 = Release|Any CPU
		{3309DF91-F066-48CB-A6AE-7191E0313840}.Debug|Any CPU.ActiveCfg = Debug|Any CPU
		{3309DF91-F066-48CB-A6AE-7191E0313840}.Debug|Any CPU.Build.0 = Debug|Any CPU
		{3309DF91-F066-48CB-A6AE-7191E0313840}.Debug|x64.ActiveCfg = Debug|Any CPU
		{3309DF91-F066-48CB-A6AE-7191E0313840}.Debug|x64.Build.0 = Debug|Any CPU
		{3309DF91-F066-48CB-A6AE-7191E0313840}.Debug|x86.ActiveCfg = Debug|Any CPU
		{3309DF91-F066-48CB-A6AE-7191E0313840}.Debug|x86.Build.0 = Debug|Any CPU
		{3309DF91-F066-48CB-A6AE-7191E0313840}.Release|Any CPU.ActiveCfg = Release|Any CPU
		{3309DF91-F066-48CB-A6AE-7191E0313840}.Release|Any CPU.Build.0 = Release|Any CPU
		{3309DF91-F066-48CB-A6AE-7191E0313840}.Release|x64.ActiveCfg = Release|Any CPU
		{3309DF91-F066-48CB-A6AE-7191E0313840}.Release|x64.Build.0 = Release|Any CPU
		{3309DF91-F066-48CB-A6AE-7191E0313840}.Release|x86.ActiveCfg = Release|Any CPU
		{3309DF91-F066-48CB-A6AE-7191E0313840}.Release|x86.Build.0 = Release|Any CPU
		{1391AC47-C842-4C49-8614-16820DAC635A}.Debug|Any CPU.ActiveCfg = Debug|Any CPU
		{1391AC47-C842-4C49-8614-16820DAC635A}.Debug|Any CPU.Build.0 = Debug|Any CPU
		{1391AC47-C842-4C49-8614-16820DAC635A}.Debug|x64.ActiveCfg = Debug|Any CPU
		{1391AC47-C842-4C49-8614-16820DAC635A}.Debug|x64.Build.0 = Debug|Any CPU
		{1391AC47-C842-4C49-8614-16820DAC635A}.Debug|x86.ActiveCfg = Debug|Any CPU
		{1391AC47-C842-4C49-8614-16820DAC635A}.Debug|x86.Build.0 = Debug|Any CPU
		{1391AC47-C842-4C49-8614-16820DAC635A}.Release|Any CPU.ActiveCfg = Release|Any CPU
		{1391AC47-C842-4C49-8614-16820DAC635A}.Release|Any CPU.Build.0 = Release|Any CPU
		{1391AC47-C842-4C49-8614-16820DAC635A}.Release|x64.ActiveCfg = Release|Any CPU
		{1391AC47-C842-4C49-8614-16820DAC635A}.Release|x64.Build.0 = Release|Any CPU
		{1391AC47-C842-4C49-8614-16820DAC635A}.Release|x86.ActiveCfg = Release|Any CPU
		{1391AC47-C842-4C49-8614-16820DAC635A}.Release|x86.Build.0 = Release|Any CPU
		{C9D5F8C6-FACD-4AE1-96B8-4F5761C93FA9}.Debug|Any CPU.ActiveCfg = Debug|Any CPU
		{C9D5F8C6-FACD-4AE1-96B8-4F5761C93FA9}.Debug|Any CPU.Build.0 = Debug|Any CPU
		{C9D5F8C6-FACD-4AE1-96B8-4F5761C93FA9}.Debug|x64.ActiveCfg = Debug|Any CPU
		{C9D5F8C6-FACD-4AE1-96B8-4F5761C93FA9}.Debug|x64.Build.0 = Debug|Any CPU
		{C9D5F8C6-FACD-4AE1-96B8-4F5761C93FA9}.Debug|x86.ActiveCfg = Debug|Any CPU
		{C9D5F8C6-FACD-4AE1-96B8-4F5761C93FA9}.Debug|x86.Build.0 = Debug|Any CPU
		{C9D5F8C6-FACD-4AE1-96B8-4F5761C93FA9}.Release|Any CPU.ActiveCfg = Release|Any CPU
		{C9D5F8C6-FACD-4AE1-96B8-4F5761C93FA9}.Release|Any CPU.Build.0 = Release|Any CPU
		{C9D5F8C6-FACD-4AE1-96B8-4F5761C93FA9}.Release|x64.ActiveCfg = Release|Any CPU
		{C9D5F8C6-FACD-4AE1-96B8-4F5761C93FA9}.Release|x64.Build.0 = Release|Any CPU
		{C9D5F8C6-FACD-4AE1-96B8-4F5761C93FA9}.Release|x86.ActiveCfg = Release|Any CPU
		{C9D5F8C6-FACD-4AE1-96B8-4F5761C93FA9}.Release|x86.Build.0 = Release|Any CPU
		{86E3BE07-6209-4116-9F5D-94D3E7C7DFF1}.Debug|Any CPU.ActiveCfg = Debug|Any CPU
		{86E3BE07-6209-4116-9F5D-94D3E7C7DFF1}.Debug|Any CPU.Build.0 = Debug|Any CPU
		{86E3BE07-6209-4116-9F5D-94D3E7C7DFF1}.Debug|x64.ActiveCfg = Debug|Any CPU
		{86E3BE07-6209-4116-9F5D-94D3E7C7DFF1}.Debug|x64.Build.0 = Debug|Any CPU
		{86E3BE07-6209-4116-9F5D-94D3E7C7DFF1}.Debug|x86.ActiveCfg = Debug|Any CPU
		{86E3BE07-6209-4116-9F5D-94D3E7C7DFF1}.Debug|x86.Build.0 = Debug|Any CPU
		{86E3BE07-6209-4116-9F5D-94D3E7C7DFF1}.Release|Any CPU.ActiveCfg = Release|Any CPU
		{86E3BE07-6209-4116-9F5D-94D3E7C7DFF1}.Release|Any CPU.Build.0 = Release|Any CPU
		{86E3BE07-6209-4116-9F5D-94D3E7C7DFF1}.Release|x64.ActiveCfg = Release|Any CPU
		{86E3BE07-6209-4116-9F5D-94D3E7C7DFF1}.Release|x64.Build.0 = Release|Any CPU
		{86E3BE07-6209-4116-9F5D-94D3E7C7DFF1}.Release|x86.ActiveCfg = Release|Any CPU
		{86E3BE07-6209-4116-9F5D-94D3E7C7DFF1}.Release|x86.Build.0 = Release|Any CPU
		{20E9694C-0DC8-481C-8425-A37C10AC126C}.Debug|Any CPU.ActiveCfg = Debug|Any CPU
		{20E9694C-0DC8-481C-8425-A37C10AC126C}.Debug|Any CPU.Build.0 = Debug|Any CPU
		{20E9694C-0DC8-481C-8425-A37C10AC126C}.Debug|x64.ActiveCfg = Debug|Any CPU
		{20E9694C-0DC8-481C-8425-A37C10AC126C}.Debug|x64.Build.0 = Debug|Any CPU
		{20E9694C-0DC8-481C-8425-A37C10AC126C}.Debug|x86.ActiveCfg = Debug|Any CPU
		{20E9694C-0DC8-481C-8425-A37C10AC126C}.Debug|x86.Build.0 = Debug|Any CPU
		{20E9694C-0DC8-481C-8425-A37C10AC126C}.Release|Any CPU.ActiveCfg = Release|Any CPU
		{20E9694C-0DC8-481C-8425-A37C10AC126C}.Release|Any CPU.Build.0 = Release|Any CPU
		{20E9694C-0DC8-481C-8425-A37C10AC126C}.Release|x64.ActiveCfg = Release|Any CPU
		{20E9694C-0DC8-481C-8425-A37C10AC126C}.Release|x64.Build.0 = Release|Any CPU
		{20E9694C-0DC8-481C-8425-A37C10AC126C}.Release|x86.ActiveCfg = Release|Any CPU
		{20E9694C-0DC8-481C-8425-A37C10AC126C}.Release|x86.Build.0 = Release|Any CPU
		{3C80C91D-B243-4C4F-8F70-A15879FB7A5C}.Debug|Any CPU.ActiveCfg = Debug|Any CPU
		{3C80C91D-B243-4C4F-8F70-A15879FB7A5C}.Debug|Any CPU.Build.0 = Debug|Any CPU
		{3C80C91D-B243-4C4F-8F70-A15879FB7A5C}.Debug|x64.ActiveCfg = Debug|Any CPU
		{3C80C91D-B243-4C4F-8F70-A15879FB7A5C}.Debug|x64.Build.0 = Debug|Any CPU
		{3C80C91D-B243-4C4F-8F70-A15879FB7A5C}.Debug|x86.ActiveCfg = Debug|Any CPU
		{3C80C91D-B243-4C4F-8F70-A15879FB7A5C}.Debug|x86.Build.0 = Debug|Any CPU
		{3C80C91D-B243-4C4F-8F70-A15879FB7A5C}.Release|Any CPU.ActiveCfg = Release|Any CPU
		{3C80C91D-B243-4C4F-8F70-A15879FB7A5C}.Release|Any CPU.Build.0 = Release|Any CPU
		{3C80C91D-B243-4C4F-8F70-A15879FB7A5C}.Release|x64.ActiveCfg = Release|Any CPU
		{3C80C91D-B243-4C4F-8F70-A15879FB7A5C}.Release|x64.Build.0 = Release|Any CPU
		{3C80C91D-B243-4C4F-8F70-A15879FB7A5C}.Release|x86.ActiveCfg = Release|Any CPU
		{3C80C91D-B243-4C4F-8F70-A15879FB7A5C}.Release|x86.Build.0 = Release|Any CPU
		{6104A86F-DED0-4D91-B658-1AC8DD1A269B}.Debug|Any CPU.ActiveCfg = Debug|Any CPU
		{6104A86F-DED0-4D91-B658-1AC8DD1A269B}.Debug|Any CPU.Build.0 = Debug|Any CPU
		{6104A86F-DED0-4D91-B658-1AC8DD1A269B}.Debug|x64.ActiveCfg = Debug|Any CPU
		{6104A86F-DED0-4D91-B658-1AC8DD1A269B}.Debug|x64.Build.0 = Debug|Any CPU
		{6104A86F-DED0-4D91-B658-1AC8DD1A269B}.Debug|x86.ActiveCfg = Debug|Any CPU
		{6104A86F-DED0-4D91-B658-1AC8DD1A269B}.Debug|x86.Build.0 = Debug|Any CPU
		{6104A86F-DED0-4D91-B658-1AC8DD1A269B}.Release|Any CPU.ActiveCfg = Release|Any CPU
		{6104A86F-DED0-4D91-B658-1AC8DD1A269B}.Release|Any CPU.Build.0 = Release|Any CPU
		{6104A86F-DED0-4D91-B658-1AC8DD1A269B}.Release|x64.ActiveCfg = Release|Any CPU
		{6104A86F-DED0-4D91-B658-1AC8DD1A269B}.Release|x64.Build.0 = Release|Any CPU
		{6104A86F-DED0-4D91-B658-1AC8DD1A269B}.Release|x86.ActiveCfg = Release|Any CPU
		{6104A86F-DED0-4D91-B658-1AC8DD1A269B}.Release|x86.Build.0 = Release|Any CPU
		{2F0E942F-B7C3-45FC-B959-388BE7DC8414}.Debug|Any CPU.ActiveCfg = Debug|Any CPU
		{2F0E942F-B7C3-45FC-B959-388BE7DC8414}.Debug|Any CPU.Build.0 = Debug|Any CPU
		{2F0E942F-B7C3-45FC-B959-388BE7DC8414}.Debug|x64.ActiveCfg = Debug|Any CPU
		{2F0E942F-B7C3-45FC-B959-388BE7DC8414}.Debug|x64.Build.0 = Debug|Any CPU
		{2F0E942F-B7C3-45FC-B959-388BE7DC8414}.Debug|x86.ActiveCfg = Debug|Any CPU
		{2F0E942F-B7C3-45FC-B959-388BE7DC8414}.Debug|x86.Build.0 = Debug|Any CPU
		{2F0E942F-B7C3-45FC-B959-388BE7DC8414}.Release|Any CPU.ActiveCfg = Release|Any CPU
		{2F0E942F-B7C3-45FC-B959-388BE7DC8414}.Release|Any CPU.Build.0 = Release|Any CPU
		{2F0E942F-B7C3-45FC-B959-388BE7DC8414}.Release|x64.ActiveCfg = Release|Any CPU
		{2F0E942F-B7C3-45FC-B959-388BE7DC8414}.Release|x64.Build.0 = Release|Any CPU
		{2F0E942F-B7C3-45FC-B959-388BE7DC8414}.Release|x86.ActiveCfg = Release|Any CPU
		{2F0E942F-B7C3-45FC-B959-388BE7DC8414}.Release|x86.Build.0 = Release|Any CPU
		{A0CD4F3A-DE59-469D-AA42-7C50AAD50DFF}.Debug|Any CPU.ActiveCfg = Debug|Any CPU
		{A0CD4F3A-DE59-469D-AA42-7C50AAD50DFF}.Debug|Any CPU.Build.0 = Debug|Any CPU
		{A0CD4F3A-DE59-469D-AA42-7C50AAD50DFF}.Debug|x64.ActiveCfg = Debug|Any CPU
		{A0CD4F3A-DE59-469D-AA42-7C50AAD50DFF}.Debug|x64.Build.0 = Debug|Any CPU
		{A0CD4F3A-DE59-469D-AA42-7C50AAD50DFF}.Debug|x86.ActiveCfg = Debug|Any CPU
		{A0CD4F3A-DE59-469D-AA42-7C50AAD50DFF}.Debug|x86.Build.0 = Debug|Any CPU
		{A0CD4F3A-DE59-469D-AA42-7C50AAD50DFF}.Release|Any CPU.ActiveCfg = Release|Any CPU
		{A0CD4F3A-DE59-469D-AA42-7C50AAD50DFF}.Release|Any CPU.Build.0 = Release|Any CPU
		{A0CD4F3A-DE59-469D-AA42-7C50AAD50DFF}.Release|x64.ActiveCfg = Release|Any CPU
		{A0CD4F3A-DE59-469D-AA42-7C50AAD50DFF}.Release|x64.Build.0 = Release|Any CPU
		{A0CD4F3A-DE59-469D-AA42-7C50AAD50DFF}.Release|x86.ActiveCfg = Release|Any CPU
		{A0CD4F3A-DE59-469D-AA42-7C50AAD50DFF}.Release|x86.Build.0 = Release|Any CPU
		{36EC3820-3F0E-4F46-B831-AF04C62F0520}.Debug|Any CPU.ActiveCfg = Debug|Any CPU
		{36EC3820-3F0E-4F46-B831-AF04C62F0520}.Debug|Any CPU.Build.0 = Debug|Any CPU
		{36EC3820-3F0E-4F46-B831-AF04C62F0520}.Debug|x64.ActiveCfg = Debug|Any CPU
		{36EC3820-3F0E-4F46-B831-AF04C62F0520}.Debug|x64.Build.0 = Debug|Any CPU
		{36EC3820-3F0E-4F46-B831-AF04C62F0520}.Debug|x86.ActiveCfg = Debug|Any CPU
		{36EC3820-3F0E-4F46-B831-AF04C62F0520}.Debug|x86.Build.0 = Debug|Any CPU
		{36EC3820-3F0E-4F46-B831-AF04C62F0520}.Release|Any CPU.ActiveCfg = Release|Any CPU
		{36EC3820-3F0E-4F46-B831-AF04C62F0520}.Release|Any CPU.Build.0 = Release|Any CPU
		{36EC3820-3F0E-4F46-B831-AF04C62F0520}.Release|x64.ActiveCfg = Release|Any CPU
		{36EC3820-3F0E-4F46-B831-AF04C62F0520}.Release|x64.Build.0 = Release|Any CPU
		{36EC3820-3F0E-4F46-B831-AF04C62F0520}.Release|x86.ActiveCfg = Release|Any CPU
		{36EC3820-3F0E-4F46-B831-AF04C62F0520}.Release|x86.Build.0 = Release|Any CPU
		{A23D93AD-249E-433E-9F7F-0003C614C58E}.Debug|Any CPU.ActiveCfg = Debug|Any CPU
		{A23D93AD-249E-433E-9F7F-0003C614C58E}.Debug|Any CPU.Build.0 = Debug|Any CPU
		{A23D93AD-249E-433E-9F7F-0003C614C58E}.Debug|x64.ActiveCfg = Debug|Any CPU
		{A23D93AD-249E-433E-9F7F-0003C614C58E}.Debug|x64.Build.0 = Debug|Any CPU
		{A23D93AD-249E-433E-9F7F-0003C614C58E}.Debug|x86.ActiveCfg = Debug|Any CPU
		{A23D93AD-249E-433E-9F7F-0003C614C58E}.Debug|x86.Build.0 = Debug|Any CPU
		{A23D93AD-249E-433E-9F7F-0003C614C58E}.Release|Any CPU.ActiveCfg = Release|Any CPU
		{A23D93AD-249E-433E-9F7F-0003C614C58E}.Release|Any CPU.Build.0 = Release|Any CPU
		{A23D93AD-249E-433E-9F7F-0003C614C58E}.Release|x64.ActiveCfg = Release|Any CPU
		{A23D93AD-249E-433E-9F7F-0003C614C58E}.Release|x64.Build.0 = Release|Any CPU
		{A23D93AD-249E-433E-9F7F-0003C614C58E}.Release|x86.ActiveCfg = Release|Any CPU
		{A23D93AD-249E-433E-9F7F-0003C614C58E}.Release|x86.Build.0 = Release|Any CPU
		{17D560D7-A6B5-4673-B8B2-D7812CD54BD5}.Debug|Any CPU.ActiveCfg = Debug|Any CPU
		{17D560D7-A6B5-4673-B8B2-D7812CD54BD5}.Debug|Any CPU.Build.0 = Debug|Any CPU
		{17D560D7-A6B5-4673-B8B2-D7812CD54BD5}.Debug|x64.ActiveCfg = Debug|Any CPU
		{17D560D7-A6B5-4673-B8B2-D7812CD54BD5}.Debug|x64.Build.0 = Debug|Any CPU
		{17D560D7-A6B5-4673-B8B2-D7812CD54BD5}.Debug|x86.ActiveCfg = Debug|Any CPU
		{17D560D7-A6B5-4673-B8B2-D7812CD54BD5}.Debug|x86.Build.0 = Debug|Any CPU
		{17D560D7-A6B5-4673-B8B2-D7812CD54BD5}.Release|Any CPU.ActiveCfg = Release|Any CPU
		{17D560D7-A6B5-4673-B8B2-D7812CD54BD5}.Release|Any CPU.Build.0 = Release|Any CPU
		{17D560D7-A6B5-4673-B8B2-D7812CD54BD5}.Release|x64.ActiveCfg = Release|Any CPU
		{17D560D7-A6B5-4673-B8B2-D7812CD54BD5}.Release|x64.Build.0 = Release|Any CPU
		{17D560D7-A6B5-4673-B8B2-D7812CD54BD5}.Release|x86.ActiveCfg = Release|Any CPU
		{17D560D7-A6B5-4673-B8B2-D7812CD54BD5}.Release|x86.Build.0 = Release|Any CPU
		{0D526BB1-ABDB-41C0-B55A-30E0AC279289}.Debug|Any CPU.ActiveCfg = Debug|Any CPU
		{0D526BB1-ABDB-41C0-B55A-30E0AC279289}.Debug|Any CPU.Build.0 = Debug|Any CPU
		{0D526BB1-ABDB-41C0-B55A-30E0AC279289}.Debug|x64.ActiveCfg = Debug|Any CPU
		{0D526BB1-ABDB-41C0-B55A-30E0AC279289}.Debug|x64.Build.0 = Debug|Any CPU
		{0D526BB1-ABDB-41C0-B55A-30E0AC279289}.Debug|x86.ActiveCfg = Debug|Any CPU
		{0D526BB1-ABDB-41C0-B55A-30E0AC279289}.Debug|x86.Build.0 = Debug|Any CPU
		{0D526BB1-ABDB-41C0-B55A-30E0AC279289}.Release|Any CPU.ActiveCfg = Release|Any CPU
		{0D526BB1-ABDB-41C0-B55A-30E0AC279289}.Release|Any CPU.Build.0 = Release|Any CPU
		{0D526BB1-ABDB-41C0-B55A-30E0AC279289}.Release|x64.ActiveCfg = Release|Any CPU
		{0D526BB1-ABDB-41C0-B55A-30E0AC279289}.Release|x64.Build.0 = Release|Any CPU
		{0D526BB1-ABDB-41C0-B55A-30E0AC279289}.Release|x86.ActiveCfg = Release|Any CPU
		{0D526BB1-ABDB-41C0-B55A-30E0AC279289}.Release|x86.Build.0 = Release|Any CPU
		{6462AB37-8F62-4A5A-91D0-4F2A0E8FC323}.Debug|Any CPU.ActiveCfg = Debug|Any CPU
		{6462AB37-8F62-4A5A-91D0-4F2A0E8FC323}.Debug|Any CPU.Build.0 = Debug|Any CPU
		{6462AB37-8F62-4A5A-91D0-4F2A0E8FC323}.Debug|x64.ActiveCfg = Debug|Any CPU
		{6462AB37-8F62-4A5A-91D0-4F2A0E8FC323}.Debug|x64.Build.0 = Debug|Any CPU
		{6462AB37-8F62-4A5A-91D0-4F2A0E8FC323}.Debug|x86.ActiveCfg = Debug|Any CPU
		{6462AB37-8F62-4A5A-91D0-4F2A0E8FC323}.Debug|x86.Build.0 = Debug|Any CPU
		{6462AB37-8F62-4A5A-91D0-4F2A0E8FC323}.Release|Any CPU.ActiveCfg = Release|Any CPU
		{6462AB37-8F62-4A5A-91D0-4F2A0E8FC323}.Release|Any CPU.Build.0 = Release|Any CPU
		{6462AB37-8F62-4A5A-91D0-4F2A0E8FC323}.Release|x64.ActiveCfg = Release|Any CPU
		{6462AB37-8F62-4A5A-91D0-4F2A0E8FC323}.Release|x64.Build.0 = Release|Any CPU
		{6462AB37-8F62-4A5A-91D0-4F2A0E8FC323}.Release|x86.ActiveCfg = Release|Any CPU
		{6462AB37-8F62-4A5A-91D0-4F2A0E8FC323}.Release|x86.Build.0 = Release|Any CPU
		{C5DE3C69-C7A6-4A94-9605-C0AB146AD696}.Debug|Any CPU.ActiveCfg = Debug|Any CPU
		{C5DE3C69-C7A6-4A94-9605-C0AB146AD696}.Debug|Any CPU.Build.0 = Debug|Any CPU
		{C5DE3C69-C7A6-4A94-9605-C0AB146AD696}.Debug|x64.ActiveCfg = Debug|Any CPU
		{C5DE3C69-C7A6-4A94-9605-C0AB146AD696}.Debug|x64.Build.0 = Debug|Any CPU
		{C5DE3C69-C7A6-4A94-9605-C0AB146AD696}.Debug|x86.ActiveCfg = Debug|Any CPU
		{C5DE3C69-C7A6-4A94-9605-C0AB146AD696}.Debug|x86.Build.0 = Debug|Any CPU
		{C5DE3C69-C7A6-4A94-9605-C0AB146AD696}.Release|Any CPU.ActiveCfg = Release|Any CPU
		{C5DE3C69-C7A6-4A94-9605-C0AB146AD696}.Release|Any CPU.Build.0 = Release|Any CPU
		{C5DE3C69-C7A6-4A94-9605-C0AB146AD696}.Release|x64.ActiveCfg = Release|Any CPU
		{C5DE3C69-C7A6-4A94-9605-C0AB146AD696}.Release|x64.Build.0 = Release|Any CPU
		{C5DE3C69-C7A6-4A94-9605-C0AB146AD696}.Release|x86.ActiveCfg = Release|Any CPU
		{C5DE3C69-C7A6-4A94-9605-C0AB146AD696}.Release|x86.Build.0 = Release|Any CPU
		{7BB74DBB-E6CD-4F8F-BFAE-62E2D6B5A6DB}.Debug|Any CPU.ActiveCfg = Debug|Any CPU
		{7BB74DBB-E6CD-4F8F-BFAE-62E2D6B5A6DB}.Debug|Any CPU.Build.0 = Debug|Any CPU
		{7BB74DBB-E6CD-4F8F-BFAE-62E2D6B5A6DB}.Debug|x64.ActiveCfg = Debug|Any CPU
		{7BB74DBB-E6CD-4F8F-BFAE-62E2D6B5A6DB}.Debug|x64.Build.0 = Debug|Any CPU
		{7BB74DBB-E6CD-4F8F-BFAE-62E2D6B5A6DB}.Debug|x86.ActiveCfg = Debug|Any CPU
		{7BB74DBB-E6CD-4F8F-BFAE-62E2D6B5A6DB}.Debug|x86.Build.0 = Debug|Any CPU
		{7BB74DBB-E6CD-4F8F-BFAE-62E2D6B5A6DB}.Release|Any CPU.ActiveCfg = Release|Any CPU
		{7BB74DBB-E6CD-4F8F-BFAE-62E2D6B5A6DB}.Release|Any CPU.Build.0 = Release|Any CPU
		{7BB74DBB-E6CD-4F8F-BFAE-62E2D6B5A6DB}.Release|x64.ActiveCfg = Release|Any CPU
		{7BB74DBB-E6CD-4F8F-BFAE-62E2D6B5A6DB}.Release|x64.Build.0 = Release|Any CPU
		{7BB74DBB-E6CD-4F8F-BFAE-62E2D6B5A6DB}.Release|x86.ActiveCfg = Release|Any CPU
		{7BB74DBB-E6CD-4F8F-BFAE-62E2D6B5A6DB}.Release|x86.Build.0 = Release|Any CPU
		{B6F51FB4-7FD3-437A-910B-770EF6FF2E49}.Debug|Any CPU.ActiveCfg = Debug|Any CPU
		{B6F51FB4-7FD3-437A-910B-770EF6FF2E49}.Debug|Any CPU.Build.0 = Debug|Any CPU
		{B6F51FB4-7FD3-437A-910B-770EF6FF2E49}.Debug|x64.ActiveCfg = Debug|Any CPU
		{B6F51FB4-7FD3-437A-910B-770EF6FF2E49}.Debug|x64.Build.0 = Debug|Any CPU
		{B6F51FB4-7FD3-437A-910B-770EF6FF2E49}.Debug|x86.ActiveCfg = Debug|Any CPU
		{B6F51FB4-7FD3-437A-910B-770EF6FF2E49}.Debug|x86.Build.0 = Debug|Any CPU
		{B6F51FB4-7FD3-437A-910B-770EF6FF2E49}.Release|Any CPU.ActiveCfg = Release|Any CPU
		{B6F51FB4-7FD3-437A-910B-770EF6FF2E49}.Release|Any CPU.Build.0 = Release|Any CPU
		{B6F51FB4-7FD3-437A-910B-770EF6FF2E49}.Release|x64.ActiveCfg = Release|Any CPU
		{B6F51FB4-7FD3-437A-910B-770EF6FF2E49}.Release|x64.Build.0 = Release|Any CPU
		{B6F51FB4-7FD3-437A-910B-770EF6FF2E49}.Release|x86.ActiveCfg = Release|Any CPU
		{B6F51FB4-7FD3-437A-910B-770EF6FF2E49}.Release|x86.Build.0 = Release|Any CPU
		{36F0C5C1-2AE4-4435-A802-8F0E108493AD}.Debug|Any CPU.ActiveCfg = Debug|Any CPU
		{36F0C5C1-2AE4-4435-A802-8F0E108493AD}.Debug|Any CPU.Build.0 = Debug|Any CPU
		{36F0C5C1-2AE4-4435-A802-8F0E108493AD}.Debug|x64.ActiveCfg = Debug|Any CPU
		{36F0C5C1-2AE4-4435-A802-8F0E108493AD}.Debug|x64.Build.0 = Debug|Any CPU
		{36F0C5C1-2AE4-4435-A802-8F0E108493AD}.Debug|x86.ActiveCfg = Debug|Any CPU
		{36F0C5C1-2AE4-4435-A802-8F0E108493AD}.Debug|x86.Build.0 = Debug|Any CPU
		{36F0C5C1-2AE4-4435-A802-8F0E108493AD}.Release|Any CPU.ActiveCfg = Release|Any CPU
		{36F0C5C1-2AE4-4435-A802-8F0E108493AD}.Release|Any CPU.Build.0 = Release|Any CPU
		{36F0C5C1-2AE4-4435-A802-8F0E108493AD}.Release|x64.ActiveCfg = Release|Any CPU
		{36F0C5C1-2AE4-4435-A802-8F0E108493AD}.Release|x64.Build.0 = Release|Any CPU
		{36F0C5C1-2AE4-4435-A802-8F0E108493AD}.Release|x86.ActiveCfg = Release|Any CPU
		{36F0C5C1-2AE4-4435-A802-8F0E108493AD}.Release|x86.Build.0 = Release|Any CPU
		{AE96DA23-3275-49B6-B740-27EDC56A59AF}.Debug|Any CPU.ActiveCfg = Debug|Any CPU
		{AE96DA23-3275-49B6-B740-27EDC56A59AF}.Debug|Any CPU.Build.0 = Debug|Any CPU
		{AE96DA23-3275-49B6-B740-27EDC56A59AF}.Debug|x64.ActiveCfg = Debug|Any CPU
		{AE96DA23-3275-49B6-B740-27EDC56A59AF}.Debug|x64.Build.0 = Debug|Any CPU
		{AE96DA23-3275-49B6-B740-27EDC56A59AF}.Debug|x86.ActiveCfg = Debug|Any CPU
		{AE96DA23-3275-49B6-B740-27EDC56A59AF}.Debug|x86.Build.0 = Debug|Any CPU
		{AE96DA23-3275-49B6-B740-27EDC56A59AF}.Release|Any CPU.ActiveCfg = Release|Any CPU
		{AE96DA23-3275-49B6-B740-27EDC56A59AF}.Release|Any CPU.Build.0 = Release|Any CPU
		{AE96DA23-3275-49B6-B740-27EDC56A59AF}.Release|x64.ActiveCfg = Release|Any CPU
		{AE96DA23-3275-49B6-B740-27EDC56A59AF}.Release|x64.Build.0 = Release|Any CPU
		{AE96DA23-3275-49B6-B740-27EDC56A59AF}.Release|x86.ActiveCfg = Release|Any CPU
		{AE96DA23-3275-49B6-B740-27EDC56A59AF}.Release|x86.Build.0 = Release|Any CPU
		{3509C60C-5A5E-4249-A070-0D32AEC25D8C}.Debug|Any CPU.ActiveCfg = Debug|Any CPU
		{3509C60C-5A5E-4249-A070-0D32AEC25D8C}.Debug|Any CPU.Build.0 = Debug|Any CPU
		{3509C60C-5A5E-4249-A070-0D32AEC25D8C}.Debug|x64.ActiveCfg = Debug|Any CPU
		{3509C60C-5A5E-4249-A070-0D32AEC25D8C}.Debug|x64.Build.0 = Debug|Any CPU
		{3509C60C-5A5E-4249-A070-0D32AEC25D8C}.Debug|x86.ActiveCfg = Debug|Any CPU
		{3509C60C-5A5E-4249-A070-0D32AEC25D8C}.Debug|x86.Build.0 = Debug|Any CPU
		{3509C60C-5A5E-4249-A070-0D32AEC25D8C}.Release|Any CPU.ActiveCfg = Release|Any CPU
		{3509C60C-5A5E-4249-A070-0D32AEC25D8C}.Release|Any CPU.Build.0 = Release|Any CPU
		{3509C60C-5A5E-4249-A070-0D32AEC25D8C}.Release|x64.ActiveCfg = Release|Any CPU
		{3509C60C-5A5E-4249-A070-0D32AEC25D8C}.Release|x64.Build.0 = Release|Any CPU
		{3509C60C-5A5E-4249-A070-0D32AEC25D8C}.Release|x86.ActiveCfg = Release|Any CPU
		{3509C60C-5A5E-4249-A070-0D32AEC25D8C}.Release|x86.Build.0 = Release|Any CPU
	EndGlobalSection
	GlobalSection(SolutionProperties) = preSolution
		HideSolutionNode = FALSE
	EndGlobalSection
	GlobalSection(NestedProjects) = preSolution
		{3EE19389-9273-4452-B66F-05B12902404B} = {A88BFA4D-EF70-439D-8D1B-0A4A8079D87E}
		{3309DF91-F066-48CB-A6AE-7191E0313840} = {A88BFA4D-EF70-439D-8D1B-0A4A8079D87E}
		{1391AC47-C842-4C49-8614-16820DAC635A} = {A88BFA4D-EF70-439D-8D1B-0A4A8079D87E}
		{C9D5F8C6-FACD-4AE1-96B8-4F5761C93FA9} = {A88BFA4D-EF70-439D-8D1B-0A4A8079D87E}
		{86E3BE07-6209-4116-9F5D-94D3E7C7DFF1} = {A88BFA4D-EF70-439D-8D1B-0A4A8079D87E}
		{20E9694C-0DC8-481C-8425-A37C10AC126C} = {A88BFA4D-EF70-439D-8D1B-0A4A8079D87E}
		{3C80C91D-B243-4C4F-8F70-A15879FB7A5C} = {A88BFA4D-EF70-439D-8D1B-0A4A8079D87E}
		{6104A86F-DED0-4D91-B658-1AC8DD1A269B} = {A88BFA4D-EF70-439D-8D1B-0A4A8079D87E}
		{2F0E942F-B7C3-45FC-B959-388BE7DC8414} = {A88BFA4D-EF70-439D-8D1B-0A4A8079D87E}
		{A0CD4F3A-DE59-469D-AA42-7C50AAD50DFF} = {A88BFA4D-EF70-439D-8D1B-0A4A8079D87E}
		{36EC3820-3F0E-4F46-B831-AF04C62F0520} = {A88BFA4D-EF70-439D-8D1B-0A4A8079D87E}
		{A23D93AD-249E-433E-9F7F-0003C614C58E} = {A88BFA4D-EF70-439D-8D1B-0A4A8079D87E}
		{17D560D7-A6B5-4673-B8B2-D7812CD54BD5} = {A88BFA4D-EF70-439D-8D1B-0A4A8079D87E}
		{0D526BB1-ABDB-41C0-B55A-30E0AC279289} = {A88BFA4D-EF70-439D-8D1B-0A4A8079D87E}
		{6462AB37-8F62-4A5A-91D0-4F2A0E8FC323} = {A88BFA4D-EF70-439D-8D1B-0A4A8079D87E}
		{C5DE3C69-C7A6-4A94-9605-C0AB146AD696} = {A88BFA4D-EF70-439D-8D1B-0A4A8079D87E}
		{7BB74DBB-E6CD-4F8F-BFAE-62E2D6B5A6DB} = {A88BFA4D-EF70-439D-8D1B-0A4A8079D87E}
		{B6F51FB4-7FD3-437A-910B-770EF6FF2E49} = {A88BFA4D-EF70-439D-8D1B-0A4A8079D87E}
		{36F0C5C1-2AE4-4435-A802-8F0E108493AD} = {A88BFA4D-EF70-439D-8D1B-0A4A8079D87E}
		{AE96DA23-3275-49B6-B740-27EDC56A59AF} = {A88BFA4D-EF70-439D-8D1B-0A4A8079D87E}
		{3509C60C-5A5E-4249-A070-0D32AEC25D8C} = {A88BFA4D-EF70-439D-8D1B-0A4A8079D87E}
	EndGlobalSection
	GlobalSection(ExtensibilityGlobals) = postSolution
		SolutionGuid = {0B6CCF0A-E32E-492F-9A81-983834199DF1}
	EndGlobalSection
EndGlobal
